
Microsoft Visual Studio Solution File, Format Version 12.00
# Visual Studio Version 16
VisualStudioVersion = 16.0.30114.105
MinimumVisualStudioVersion = 10.0.40219.1
Project("{FAE04EC0-301F-11D3-BF4B-00C04F79EFBC}") = "SharpCounter", "SharpCounter.csproj", "{C8D5A6C7-C05D-45AD-959B-DEA13E571F5F}"
EndProject
Global
	GlobalSection(SolutionConfigurationPlatforms) = preSolution
		Debug|Any CPU = Debug|Any CPU
		Release|Any CPU = Release|Any CPU
	EndGlobalSection
	GlobalSection(ProjectConfigurationPlatforms) = postSolution
		{C8D5A6C7-C05D-45AD-959B-DEA13E571F5F}.Debug|Any CPU.ActiveCfg = Debug|Any CPU
		{C8D5A6C7-C05D-45AD-959B-DEA13E571F5F}.Debug|Any CPU.Build.0 = Debug|Any CPU
		{C8D5A6C7-C05D-45AD-959B-DEA13E571F5F}.Release|Any CPU.ActiveCfg = Release|Any CPU
		{C8D5A6C7-C05D-45AD-959B-DEA13E571F5F}.Release|Any CPU.Build.0 = Release|Any CPU
	EndGlobalSection
	GlobalSection(SolutionProperties) = preSolution
		HideSolutionNode = FALSE
	EndGlobalSection
	GlobalSection(ExtensibilityGlobals) = postSolution
		SolutionGuid = {EB993C46-93A5-4538-872E-A26B2D547CE4}
	EndGlobalSection
EndGlobal
